// !$*UTF8*$!
{
	archiveVersion = 1;
	classes = {
	};
	objectVersion = 52;
	objects = {

/* Begin PBXBuildFile section */
		760E94D124E269F500A18BC1 /* SwiftUIOverlayContainer in Frameworks */ = {isa = PBXBuildFile; productRef = 760E94D024E269F500A18BC1 /* SwiftUIOverlayContainer */; };
		760E94D324E26A7800A18BC1 /* SwiftUIOverlayContainer in Frameworks */ = {isa = PBXBuildFile; productRef = 760E94D224E26A7800A18BC1 /* SwiftUIOverlayContainer */; };
		7665160B24E359910059FA11 /* MacView.swift in Sources */ = {isa = PBXBuildFile; fileRef = 7665160924E359910059FA11 /* MacView.swift */; };
		769ACC9624E269910053CD5E /* OverlayDemoApp.swift in Sources */ = {isa = PBXBuildFile; fileRef = 769ACC8324E269900053CD5E /* OverlayDemoApp.swift */; };
		769ACC9724E269910053CD5E /* OverlayDemoApp.swift in Sources */ = {isa = PBXBuildFile; fileRef = 769ACC8324E269900053CD5E /* OverlayDemoApp.swift */; };
		769ACC9824E269910053CD5E /* ContentView.swift in Sources */ = {isa = PBXBuildFile; fileRef = 769ACC8424E269900053CD5E /* ContentView.swift */; };
		769ACC9924E269910053CD5E /* ContentView.swift in Sources */ = {isa = PBXBuildFile; fileRef = 769ACC8424E269900053CD5E /* ContentView.swift */; };
		769ACC9A24E269910053CD5E /* Assets.xcassets in Resources */ = {isa = PBXBuildFile; fileRef = 769ACC8524E269910053CD5E /* Assets.xcassets */; };
		769ACC9B24E269910053CD5E /* Assets.xcassets in Resources */ = {isa = PBXBuildFile; fileRef = 769ACC8524E269910053CD5E /* Assets.xcassets */; };
/* End PBXBuildFile section */

/* Begin PBXFileReference section */
		7665160924E359910059FA11 /* MacView.swift */ = {isa = PBXFileReference; lastKnownFileType = sourcecode.swift; path = MacView.swift; sourceTree = "<group>"; };
		769ACC8324E269900053CD5E /* OverlayDemoApp.swift */ = {isa = PBXFileReference; lastKnownFileType = sourcecode.swift; path = OverlayDemoApp.swift; sourceTree = "<group>"; };
		769ACC8424E269900053CD5E /* ContentView.swift */ = {isa = PBXFileReference; lastKnownFileType = sourcecode.swift; path = ContentView.swift; sourceTree = "<group>"; };
		769ACC8524E269910053CD5E /* Assets.xcassets */ = {isa = PBXFileReference; lastKnownFileType = folder.assetcatalog; path = Assets.xcassets; sourceTree = "<group>"; };
		769ACC8A24E269910053CD5E /* OverlayDemo.app */ = {isa = PBXFileReference; explicitFileType = wrapper.application; includeInIndex = 0; path = OverlayDemo.app; sourceTree = BUILT_PRODUCTS_DIR; };
		769ACC8D24E269910053CD5E /* Info.plist */ = {isa = PBXFileReference; lastKnownFileType = text.plist.xml; path = Info.plist; sourceTree = "<group>"; };
		769ACC9224E269910053CD5E /* OverlayDemo.app */ = {isa = PBXFileReference; explicitFileType = wrapper.application; includeInIndex = 0; path = OverlayDemo.app; sourceTree = BUILT_PRODUCTS_DIR; };
		769ACC9424E269910053CD5E /* Info.plist */ = {isa = PBXFileReference; lastKnownFileType = text.plist.xml; path = Info.plist; sourceTree = "<group>"; };
		769ACC9524E269910053CD5E /* macOS.entitlements */ = {isa = PBXFileReference; lastKnownFileType = text.plist.entitlements; path = macOS.entitlements; sourceTree = "<group>"; };
		769ACCA524E269AE0053CD5E /* SwiftUIOverlayContainer */ = {isa = PBXFileReference; lastKnownFileType = folder; name = SwiftUIOverlayContainer; path = ../..; sourceTree = "<group>"; };
/* End PBXFileReference section */

/* Begin PBXFrameworksBuildPhase section */
		769ACC8724E269910053CD5E /* Frameworks */ = {
			isa = PBXFrameworksBuildPhase;
			buildActionMask = 2147483647;
			files = (
				760E94D324E26A7800A18BC1 /* SwiftUIOverlayContainer in Frameworks */,
			);
			runOnlyForDeploymentPostprocessing = 0;
		};
		769ACC8F24E269910053CD5E /* Frameworks */ = {
			isa = PBXFrameworksBuildPhase;
			buildActionMask = 2147483647;
			files = (
				760E94D124E269F500A18BC1 /* SwiftUIOverlayContainer in Frameworks */,
			);
			runOnlyForDeploymentPostprocessing = 0;
		};
/* End PBXFrameworksBuildPhase section */

/* Begin PBXGroup section */
		769ACC7D24E269900053CD5E = {
			isa = PBXGroup;
			children = (
				769ACC8224E269900053CD5E /* Shared */,
				769ACC8C24E269910053CD5E /* iOS */,
				769ACC9324E269910053CD5E /* macOS */,
				769ACC8B24E269910053CD5E /* Products */,
				769ACCA424E269AE0053CD5E /* Frameworks */,
			);
			sourceTree = "<group>";
		};
		769ACC8224E269900053CD5E /* Shared */ = {
			isa = PBXGroup;
			children = (
				769ACC8324E269900053CD5E /* OverlayDemoApp.swift */,
				769ACC8424E269900053CD5E /* ContentView.swift */,
				7665160924E359910059FA11 /* MacView.swift */,
				769ACC8524E269910053CD5E /* Assets.xcassets */,
			);
			path = Shared;
			sourceTree = "<group>";
		};
		769ACC8B24E269910053CD5E /* Products */ = {
			isa = PBXGroup;
			children = (
				769ACC8A24E269910053CD5E /* OverlayDemo.app */,
				769ACC9224E269910053CD5E /* OverlayDemo.app */,
			);
			name = Products;
			sourceTree = "<group>";
		};
		769ACC8C24E269910053CD5E /* iOS */ = {
			isa = PBXGroup;
			children = (
				769ACC8D24E269910053CD5E /* Info.plist */,
			);
			path = iOS;
			sourceTree = "<group>";
		};
		769ACC9324E269910053CD5E /* macOS */ = {
			isa = PBXGroup;
			children = (
				769ACC9424E269910053CD5E /* Info.plist */,
				769ACC9524E269910053CD5E /* macOS.entitlements */,
			);
			path = macOS;
			sourceTree = "<group>";
		};
		769ACCA424E269AE0053CD5E /* Frameworks */ = {
			isa = PBXGroup;
			children = (
				769ACCA524E269AE0053CD5E /* SwiftUIOverlayContainer */,
			);
			name = Frameworks;
			sourceTree = "<group>";
		};
/* End PBXGroup section */

/* Begin PBXNativeTarget section */
		769ACC8924E269910053CD5E /* OverlayDemo (iOS) */ = {
			isa = PBXNativeTarget;
			buildConfigurationList = 769ACC9E24E269910053CD5E /* Build configuration list for PBXNativeTarget "OverlayDemo (iOS)" */;
			buildPhases = (
				769ACC8624E269910053CD5E /* Sources */,
				769ACC8724E269910053CD5E /* Frameworks */,
				769ACC8824E269910053CD5E /* Resources */,
			);
			buildRules = (
			);
			dependencies = (
			);
			name = "OverlayDemo (iOS)";
			packageProductDependencies = (
				760E94D224E26A7800A18BC1 /* SwiftUIOverlayContainer */,
			);
			productName = "OverlayDemo (iOS)";
			productReference = 769ACC8A24E269910053CD5E /* OverlayDemo.app */;
			productType = "com.apple.product-type.application";
		};
		769ACC9124E269910053CD5E /* OverlayDemo (macOS) */ = {
			isa = PBXNativeTarget;
			buildConfigurationList = 769ACCA124E269910053CD5E /* Build configuration list for PBXNativeTarget "OverlayDemo (macOS)" */;
			buildPhases = (
				769ACC8E24E269910053CD5E /* Sources */,
				769ACC8F24E269910053CD5E /* Frameworks */,
				769ACC9024E269910053CD5E /* Resources */,
			);
			buildRules = (
			);
			dependencies = (
			);
			name = "OverlayDemo (macOS)";
			packageProductDependencies = (
				760E94D024E269F500A18BC1 /* SwiftUIOverlayContainer */,
			);
			productName = "OverlayDemo (macOS)";
			productReference = 769ACC9224E269910053CD5E /* OverlayDemo.app */;
			productType = "com.apple.product-type.application";
		};
/* End PBXNativeTarget section */

/* Begin PBXProject section */
		769ACC7E24E269900053CD5E /* Project object */ = {
			isa = PBXProject;
			attributes = {
				LastSwiftUpdateCheck = 1200;
				LastUpgradeCheck = 1200;
				TargetAttributes = {
					769ACC8924E269910053CD5E = {
						CreatedOnToolsVersion = 12.0;
					};
					769ACC9124E269910053CD5E = {
						CreatedOnToolsVersion = 12.0;
					};
				};
			};
			buildConfigurationList = 769ACC8124E269900053CD5E /* Build configuration list for PBXProject "OverlayDemo" */;
			compatibilityVersion = "Xcode 9.3";
			developmentRegion = en;
			hasScannedForEncodings = 0;
			knownRegions = (
				en,
				Base,
			);
			mainGroup = 769ACC7D24E269900053CD5E;
			productRefGroup = 769ACC8B24E269910053CD5E /* Products */;
			projectDirPath = "";
			projectRoot = "";
			targets = (
				769ACC8924E269910053CD5E /* OverlayDemo (iOS) */,
				769ACC9124E269910053CD5E /* OverlayDemo (macOS) */,
			);
		};
/* End PBXProject section */

/* Begin PBXResourcesBuildPhase section */
		769ACC8824E269910053CD5E /* Resources */ = {
			isa = PBXResourcesBuildPhase;
			buildActionMask = 2147483647;
			files = (
				769ACC9A24E269910053CD5E /* Assets.xcassets in Resources */,
			);
			runOnlyForDeploymentPostprocessing = 0;
		};
		769ACC9024E269910053CD5E /* Resources */ = {
			isa = PBXResourcesBuildPhase;
			buildActionMask = 2147483647;
			files = (
				769ACC9B24E269910053CD5E /* Assets.xcassets in Resources */,
			);
			runOnlyForDeploymentPostprocessing = 0;
		};
/* End PBXResourcesBuildPhase section */

/* Begin PBXSourcesBuildPhase section */
		769ACC8624E269910053CD5E /* Sources */ = {
			isa = PBXSourcesBuildPhase;
			buildActionMask = 2147483647;
			files = (
				769ACC9824E269910053CD5E /* ContentView.swift in Sources */,
				769ACC9624E269910053CD5E /* OverlayDemoApp.swift in Sources */,
			);
			runOnlyForDeploymentPostprocessing = 0;
		};
		769ACC8E24E269910053CD5E /* Sources */ = {
			isa = PBXSourcesBuildPhase;
			buildActionMask = 2147483647;
			files = (
				7665160B24E359910059FA11 /* MacView.swift in Sources */,
				769ACC9924E269910053CD5E /* ContentView.swift in Sources */,
				769ACC9724E269910053CD5E /* OverlayDemoApp.swift in Sources */,
			);
			runOnlyForDeploymentPostprocessing = 0;
		};
/* End PBXSourcesBuildPhase section */

/* Begin XCBuildConfiguration section */
		769ACC9C24E269910053CD5E /* Debug */ = {
			isa = XCBuildConfiguration;
			buildSettings = {
				ALWAYS_SEARCH_USER_PATHS = NO;
				CLANG_ANALYZER_NONNULL = YES;
				CLANG_ANALYZER_NUMBER_OBJECT_CONVERSION = YES_AGGRESSIVE;
				CLANG_CXX_LANGUAGE_STANDARD = "gnu++14";
				CLANG_CXX_LIBRARY = "libc++";
				CLANG_ENABLE_MODULES = YES;
				CLANG_ENABLE_OBJC_ARC = YES;
				CLANG_ENABLE_OBJC_WEAK = YES;
				CLANG_WARN_BLOCK_CAPTURE_AUTORELEASING = YES;
				CLANG_WARN_BOOL_CONVERSION = YES;
				CLANG_WARN_COMMA = YES;
				CLANG_WARN_CONSTANT_CONVERSION = YES;
				CLANG_WARN_DEPRECATED_OBJC_IMPLEMENTATIONS = YES;
				CLANG_WARN_DIRECT_OBJC_ISA_USAGE = YES_ERROR;
				CLANG_WARN_DOCUMENTATION_COMMENTS = YES;
				CLANG_WARN_EMPTY_BODY = YES;
				CLANG_WARN_ENUM_CONVERSION = YES;
				CLANG_WARN_INFINITE_RECURSION = YES;
				CLANG_WARN_INT_CONVERSION = YES;
				CLANG_WARN_NON_LITERAL_NULL_CONVERSION = YES;
				CLANG_WARN_OBJC_IMPLICIT_RETAIN_SELF = YES;
				CLANG_WARN_OBJC_LITERAL_CONVERSION = YES;
				CLANG_WARN_OBJC_ROOT_CLASS = YES_ERROR;
				CLANG_WARN_QUOTED_INCLUDE_IN_FRAMEWORK_HEADER = YES;
				CLANG_WARN_RANGE_LOOP_ANALYSIS = YES;
				CLANG_WARN_STRICT_PROTOTYPES = YES;
				CLANG_WARN_SUSPICIOUS_MOVE = YES;
				CLANG_WARN_UNGUARDED_AVAILABILITY = YES_AGGRESSIVE;
				CLANG_WARN_UNREACHABLE_CODE = YES;
				CLANG_WARN__DUPLICATE_METHOD_MATCH = YES;
				COPY_PHASE_STRIP = NO;
				DEBUG_INFORMATION_FORMAT = dwarf;
				ENABLE_STRICT_OBJC_MSGSEND = YES;
				ENABLE_TESTABILITY = YES;
				GCC_C_LANGUAGE_STANDARD = gnu11;
				GCC_DYNAMIC_NO_PIC = NO;
				GCC_NO_COMMON_BLOCKS = YES;
				GCC_OPTIMIZATION_LEVEL = 0;
				GCC_PREPROCESSOR_DEFINITIONS = (
					"DEBUG=1",
					"$(inherited)",
				);
				GCC_WARN_64_TO_32_BIT_CONVERSION = YES;
				GCC_WARN_ABOUT_RETURN_TYPE = YES_ERROR;
				GCC_WARN_UNDECLARED_SELECTOR = YES;
				GCC_WARN_UNINITIALIZED_AUTOS = YES_AGGRESSIVE;
				GCC_WARN_UNUSED_FUNCTION = YES;
				GCC_WARN_UNUSED_VARIABLE = YES;
				MTL_ENABLE_DEBUG_INFO = INCLUDE_SOURCE;
				MTL_FAST_MATH = YES;
				ONLY_ACTIVE_ARCH = YES;
				SWIFT_ACTIVE_COMPILATION_CONDITIONS = DEBUG;
				SWIFT_OPTIMIZATION_LEVEL = "-Onone";
			};
			name = Debug;
		};
		769ACC9D24E269910053CD5E /* Release */ = {
			isa = XCBuildConfiguration;
			buildSettings = {
				ALWAYS_SEARCH_USER_PATHS = NO;
				CLANG_ANALYZER_NONNULL = YES;
				CLANG_ANALYZER_NUMBER_OBJECT_CONVERSION = YES_AGGRESSIVE;
				CLANG_CXX_LANGUAGE_STANDARD = "gnu++14";
				CLANG_CXX_LIBRARY = "libc++";
				CLANG_ENABLE_MODULES = YES;
				CLANG_ENABLE_OBJC_ARC = YES;
				CLANG_ENABLE_OBJC_WEAK = YES;
				CLANG_WARN_BLOCK_CAPTURE_AUTORELEASING = YES;
				CLANG_WARN_BOOL_CONVERSION = YES;
				CLANG_WARN_COMMA = YES;
				CLANG_WARN_CONSTANT_CONVERSION = YES;
				CLANG_WARN_DEPRECATED_OBJC_IMPLEMENTATIONS = YES;
				CLANG_WARN_DIRECT_OBJC_ISA_USAGE = YES_ERROR;
				CLANG_WARN_DOCUMENTATION_COMMENTS = YES;
				CLANG_WARN_EMPTY_BODY = YES;
				CLANG_WARN_ENUM_CONVERSION = YES;
				CLANG_WARN_INFINITE_RECURSION = YES;
				CLANG_WARN_INT_CONVERSION = YES;
				CLANG_WARN_NON_LITERAL_NULL_CONVERSION = YES;
				CLANG_WARN_OBJC_IMPLICIT_RETAIN_SELF = YES;
				CLANG_WARN_OBJC_LITERAL_CONVERSION = YES;
				CLANG_WARN_OBJC_ROOT_CLASS = YES_ERROR;
				CLANG_WARN_QUOTED_INCLUDE_IN_FRAMEWORK_HEADER = YES;
				CLANG_WARN_RANGE_LOOP_ANALYSIS = YES;
				CLANG_WARN_STRICT_PROTOTYPES = YES;
				CLANG_WARN_SUSPICIOUS_MOVE = YES;
				CLANG_WARN_UNGUARDED_AVAILABILITY = YES_AGGRESSIVE;
				CLANG_WARN_UNREACHABLE_CODE = YES;
				CLANG_WARN__DUPLICATE_METHOD_MATCH = YES;
				COPY_PHASE_STRIP = NO;
				DEBUG_INFORMATION_FORMAT = "dwarf-with-dsym";
				ENABLE_NS_ASSERTIONS = NO;
				ENABLE_STRICT_OBJC_MSGSEND = YES;
				GCC_C_LANGUAGE_STANDARD = gnu11;
				GCC_NO_COMMON_BLOCKS = YES;
				GCC_WARN_64_TO_32_BIT_CONVERSION = YES;
				GCC_WARN_ABOUT_RETURN_TYPE = YES_ERROR;
				GCC_WARN_UNDECLARED_SELECTOR = YES;
				GCC_WARN_UNINITIALIZED_AUTOS = YES_AGGRESSIVE;
				GCC_WARN_UNUSED_FUNCTION = YES;
				GCC_WARN_UNUSED_VARIABLE = YES;
				MTL_ENABLE_DEBUG_INFO = NO;
				MTL_FAST_MATH = YES;
				SWIFT_COMPILATION_MODE = wholemodule;
				SWIFT_OPTIMIZATION_LEVEL = "-O";
			};
			name = Release;
		};
		769ACC9F24E269910053CD5E /* Debug */ = {
			isa = XCBuildConfiguration;
			buildSettings = {
				ASSETCATALOG_COMPILER_APPICON_NAME = AppIcon;
				ASSETCATALOG_COMPILER_GLOBAL_ACCENT_COLOR_NAME = AccentColor;
				CODE_SIGN_STYLE = Automatic;
				DEVELOPMENT_TEAM = VFBLFL665K;
				ENABLE_PREVIEWS = YES;
				INFOPLIST_FILE = iOS/Info.plist;
				IPHONEOS_DEPLOYMENT_TARGET = 14.0;
				LD_RUNPATH_SEARCH_PATHS = (
					"$(inherited)",
					"@executable_path/Frameworks",
				);
				PRODUCT_BUNDLE_IDENTIFIER = com.fatbobman.OverlayDemo;
				PRODUCT_NAME = OverlayDemo;
				SDKROOT = iphoneos;
				SWIFT_VERSION = 5.0;
				TARGETED_DEVICE_FAMILY = "1,2";
			};
			name = Debug;
		};
		769ACCA024E269910053CD5E /* Release */ = {
			isa = XCBuildConfiguration;
			buildSettings = {
				ASSETCATALOG_COMPILER_APPICON_NAME = AppIcon;
				ASSETCATALOG_COMPILER_GLOBAL_ACCENT_COLOR_NAME = AccentColor;
				CODE_SIGN_STYLE = Automatic;
				DEVELOPMENT_TEAM = VFBLFL665K;
				ENABLE_PREVIEWS = YES;
				INFOPLIST_FILE = iOS/Info.plist;
				IPHONEOS_DEPLOYMENT_TARGET = 14.0;
				LD_RUNPATH_SEARCH_PATHS = (
					"$(inherited)",
					"@executable_path/Frameworks",
				);
				PRODUCT_BUNDLE_IDENTIFIER = com.fatbobman.OverlayDemo;
				PRODUCT_NAME = OverlayDemo;
				SDKROOT = iphoneos;
				SWIFT_VERSION = 5.0;
				TARGETED_DEVICE_FAMILY = "1,2";
				VALIDATE_PRODUCT = YES;
			};
			name = Release;
		};
		769ACCA224E269910053CD5E /* Debug */ = {
			isa = XCBuildConfiguration;
			buildSettings = {
				ASSETCATALOG_COMPILER_APPICON_NAME = AppIcon;
				ASSETCATALOG_COMPILER_GLOBAL_ACCENT_COLOR_NAME = AccentColor;
				CODE_SIGN_ENTITLEMENTS = macOS/macOS.entitlements;
				CODE_SIGN_STYLE = Automatic;
				COMBINE_HIDPI_IMAGES = YES;
				DEVELOPMENT_TEAM = VFBLFL665K;
				ENABLE_HARDENED_RUNTIME = YES;
				ENABLE_PREVIEWS = YES;
				INFOPLIST_FILE = macOS/Info.plist;
				LD_RUNPATH_SEARCH_PATHS = (
					"$(inherited)",
					"@executable_path/../Frameworks",
				);
				MACOSX_DEPLOYMENT_TARGET = 11.0;
				PRODUCT_BUNDLE_IDENTIFIER = com.fatbobman.OverlayDemo;
				PRODUCT_NAME = OverlayDemo;
				SDKROOT = macosx;
				SWIFT_VERSION = 5.0;
			};
			name = Debug;
		};
		769ACCA324E269910053CD5E /* Release */ = {
			isa = XCBuildConfiguration;
			buildSettings = {
				ASSETCATALOG_COMPILER_APPICON_NAME = AppIcon;
				ASSETCATALOG_COMPILER_GLOBAL_ACCENT_COLOR_NAME = AccentColor;
				CODE_SIGN_ENTITLEMENTS = macOS/macOS.entitlements;
				CODE_SIGN_STYLE = Automatic;
				COMBINE_HIDPI_IMAGES = YES;
				DEVELOPMENT_TEAM = VFBLFL665K;
				ENABLE_HARDENED_RUNTIME = YES;
				ENABLE_PREVIEWS = YES;
				INFOPLIST_FILE = macOS/Info.plist;
				LD_RUNPATH_SEARCH_PATHS = (
					"$(inherited)",
					"@executable_path/../Frameworks",
				);
				MACOSX_DEPLOYMENT_TARGET = 11.0;
				PRODUCT_BUNDLE_IDENTIFIER = com.fatbobman.OverlayDemo;
				PRODUCT_NAME = OverlayDemo;
				SDKROOT = macosx;
				SWIFT_VERSION = 5.0;
			};
			name = Release;
		};
/* End XCBuildConfiguration section */

/* Begin XCConfigurationList section */
		769ACC8124E269900053CD5E /* Build configuration list for PBXProject "OverlayDemo" */ = {
			isa = XCConfigurationList;
			buildConfigurations = (
				769ACC9C24E269910053CD5E /* Debug */,
				769ACC9D24E269910053CD5E /* Release */,
			);
			defaultConfigurationIsVisible = 0;
			defaultConfigurationName = Release;
		};
		769ACC9E24E269910053CD5E /* Build configuration list for PBXNativeTarget "OverlayDemo (iOS)" */ = {
			isa = XCConfigurationList;
			buildConfigurations = (
				769ACC9F24E269910053CD5E /* Debug */,
				769ACCA024E269910053CD5E /* Release */,
			);
			defaultConfigurationIsVisible = 0;
			defaultConfigurationName = Release;
		};
		769ACCA124E269910053CD5E /* Build configuration list for PBXNativeTarget "OverlayDemo (macOS)" */ = {
			isa = XCConfigurationList;
			buildConfigurations = (
				769ACCA224E269910053CD5E /* Debug */,
				769ACCA324E269910053CD5E /* Release */,
			);
			defaultConfigurationIsVisible = 0;
			defaultConfigurationName = Release;
		};
/* End XCConfigurationList section */

/* Begin XCSwiftPackageProductDependency section */
		760E94D024E269F500A18BC1 /* SwiftUIOverlayContainer */ = {
			isa = XCSwiftPackageProductDependency;
			productName = SwiftUIOverlayContainer;
		};
		760E94D224E26A7800A18BC1 /* SwiftUIOverlayContainer */ = {
			isa = XCSwiftPackageProductDependency;
			productName = SwiftUIOverlayContainer;
		};
/* End XCSwiftPackageProductDependency section */
	};
	rootObject = 769ACC7E24E269900053CD5E /* Project object */;
}
