// !$*UTF8*$!
{
	archiveVersion = 1;
	classes = {
	};
	objectVersion = 52;
	objects = {

/* Begin PBXBuildFile section */
		768EF50F24E3531A00938EAB /* AppDelegate.swift in Sources */ = {isa = PBXBuildFile; fileRef = 768EF50E24E3531A00938EAB /* AppDelegate.swift */; };
		768EF51124E3531A00938EAB /* SceneDelegate.swift in Sources */ = {isa = PBXBuildFile; fileRef = 768EF51024E3531A00938EAB /* SceneDelegate.swift */; };
		768EF51324E3531A00938EAB /* ContentView.swift in Sources */ = {isa = PBXBuildFile; fileRef = 768EF51224E3531A00938EAB /* ContentView.swift */; };
		768EF51524E3531B00938EAB /* Assets.xcassets in Resources */ = {isa = PBXBuildFile; fileRef = 768EF51424E3531B00938EAB /* Assets.xcassets */; };
		768EF51824E3531B00938EAB /* Preview Assets.xcassets in Resources */ = {isa = PBXBuildFile; fileRef = 768EF51724E3531B00938EAB /* Preview Assets.xcassets */; };
		768EF51B24E3531B00938EAB /* LaunchScreen.storyboard in Resources */ = {isa = PBXBuildFile; fileRef = 768EF51924E3531B00938EAB /* LaunchScreen.storyboard */; };
		768EF52524E3533E00938EAB /* SwiftUIOverlayContainer in Frameworks */ = {isa = PBXBuildFile; productRef = 768EF52424E3533E00938EAB /* SwiftUIOverlayContainer */; };
/* End PBXBuildFile section */

/* Begin PBXFileReference section */
		768EF50B24E3531A00938EAB /* DemoiOS13.app */ = {isa = PBXFileReference; explicitFileType = wrapper.application; includeInIndex = 0; path = DemoiOS13.app; sourceTree = BUILT_PRODUCTS_DIR; };
		768EF50E24E3531A00938EAB /* AppDelegate.swift */ = {isa = PBXFileReference; lastKnownFileType = sourcecode.swift; path = AppDelegate.swift; sourceTree = "<group>"; };
		768EF51024E3531A00938EAB /* SceneDelegate.swift */ = {isa = PBXFileReference; lastKnownFileType = sourcecode.swift; path = SceneDelegate.swift; sourceTree = "<group>"; };
		768EF51224E3531A00938EAB /* ContentView.swift */ = {isa = PBXFileReference; lastKnownFileType = sourcecode.swift; path = ContentView.swift; sourceTree = "<group>"; };
		768EF51424E3531B00938EAB /* Assets.xcassets */ = {isa = PBXFileReference; lastKnownFileType = folder.assetcatalog; path = Assets.xcassets; sourceTree = "<group>"; };
		768EF51724E3531B00938EAB /* Preview Assets.xcassets */ = {isa = PBXFileReference; lastKnownFileType = folder.assetcatalog; path = "Preview Assets.xcassets"; sourceTree = "<group>"; };
		768EF51A24E3531B00938EAB /* Base */ = {isa = PBXFileReference; lastKnownFileType = file.storyboard; name = Base; path = Base.lproj/LaunchScreen.storyboard; sourceTree = "<group>"; };
		768EF51C24E3531B00938EAB /* Info.plist */ = {isa = PBXFileReference; lastKnownFileType = text.plist.xml; path = Info.plist; sourceTree = "<group>"; };
		768EF52324E3533900938EAB /* SwiftUIOverlayContainer */ = {isa = PBXFileReference; lastKnownFileType = folder; name = SwiftUIOverlayContainer; path = ../..; sourceTree = "<group>"; };
/* End PBXFileReference section */

/* Begin PBXFrameworksBuildPhase section */
		768EF50824E3531A00938EAB /* Frameworks */ = {
			isa = PBXFrameworksBuildPhase;
			buildActionMask = 2147483647;
			files = (
				768EF52524E3533E00938EAB /* SwiftUIOverlayContainer in Frameworks */,
			);
			runOnlyForDeploymentPostprocessing = 0;
		};
/* End PBXFrameworksBuildPhase section */

/* Begin PBXGroup section */
		768EF50224E3531A00938EAB = {
			isa = PBXGroup;
			children = (
				768EF50D24E3531A00938EAB /* DemoiOS13 */,
				768EF50C24E3531A00938EAB /* Products */,
				768EF52224E3533900938EAB /* Frameworks */,
			);
			sourceTree = "<group>";
		};
		768EF50C24E3531A00938EAB /* Products */ = {
			isa = PBXGroup;
			children = (
				768EF50B24E3531A00938EAB /* DemoiOS13.app */,
			);
			name = Products;
			sourceTree = "<group>";
		};
		768EF50D24E3531A00938EAB /* DemoiOS13 */ = {
			isa = PBXGroup;
			children = (
				768EF50E24E3531A00938EAB /* AppDelegate.swift */,
				768EF51024E3531A00938EAB /* SceneDelegate.swift */,
				768EF51224E3531A00938EAB /* ContentView.swift */,
				768EF51424E3531B00938EAB /* Assets.xcassets */,
				768EF51924E3531B00938EAB /* LaunchScreen.storyboard */,
				768EF51C24E3531B00938EAB /* Info.plist */,
				768EF51624E3531B00938EAB /* Preview Content */,
			);
			path = DemoiOS13;
			sourceTree = "<group>";
		};
		768EF51624E3531B00938EAB /* Preview Content */ = {
			isa = PBXGroup;
			children = (
				768EF51724E3531B00938EAB /* Preview Assets.xcassets */,
			);
			path = "Preview Content";
			sourceTree = "<group>";
		};
		768EF52224E3533900938EAB /* Frameworks */ = {
			isa = PBXGroup;
			children = (
				768EF52324E3533900938EAB /* SwiftUIOverlayContainer */,
			);
			name = Frameworks;
			sourceTree = "<group>";
		};
/* End PBXGroup section */

/* Begin PBXNativeTarget section */
		768EF50A24E3531A00938EAB /* DemoiOS13 */ = {
			isa = PBXNativeTarget;
			buildConfigurationList = 768EF51F24E3531B00938EAB /* Build configuration list for PBXNativeTarget "DemoiOS13" */;
			buildPhases = (
				768EF50724E3531A00938EAB /* Sources */,
				768EF50824E3531A00938EAB /* Frameworks */,
				768EF50924E3531A00938EAB /* Resources */,
			);
			buildRules = (
			);
			dependencies = (
			);
			name = DemoiOS13;
			packageProductDependencies = (
				768EF52424E3533E00938EAB /* SwiftUIOverlayContainer */,
			);
			productName = DemoiOS13;
			productReference = 768EF50B24E3531A00938EAB /* DemoiOS13.app */;
			productType = "com.apple.product-type.application";
		};
/* End PBXNativeTarget section */

/* Begin PBXProject section */
		768EF50324E3531A00938EAB /* Project object */ = {
			isa = PBXProject;
			attributes = {
				LastSwiftUpdateCheck = 1160;
				LastUpgradeCheck = 1160;
				ORGANIZATIONNAME = "Yang Xu";
				TargetAttributes = {
					768EF50A24E3531A00938EAB = {
						CreatedOnToolsVersion = 11.6;
					};
				};
			};
			buildConfigurationList = 768EF50624E3531A00938EAB /* Build configuration list for PBXProject "DemoiOS13" */;
			compatibilityVersion = "Xcode 9.3";
			developmentRegion = en;
			hasScannedForEncodings = 0;
			knownRegions = (
				en,
				Base,
			);
			mainGroup = 768EF50224E3531A00938EAB;
			productRefGroup = 768EF50C24E3531A00938EAB /* Products */;
			projectDirPath = "";
			projectRoot = "";
			targets = (
				768EF50A24E3531A00938EAB /* DemoiOS13 */,
			);
		};
/* End PBXProject section */

/* Begin PBXResourcesBuildPhase section */
		768EF50924E3531A00938EAB /* Resources */ = {
			isa = PBXResourcesBuildPhase;
			buildActionMask = 2147483647;
			files = (
				768EF51B24E3531B00938EAB /* LaunchScreen.storyboard in Resources */,
				768EF51824E3531B00938EAB /* Preview Assets.xcassets in Resources */,
				768EF51524E3531B00938EAB /* Assets.xcassets in Resources */,
			);
			runOnlyForDeploymentPostprocessing = 0;
		};
/* End PBXResourcesBuildPhase section */

/* Begin PBXSourcesBuildPhase section */
		768EF50724E3531A00938EAB /* Sources */ = {
			isa = PBXSourcesBuildPhase;
			buildActionMask = 2147483647;
			files = (
				768EF50F24E3531A00938EAB /* AppDelegate.swift in Sources */,
				768EF51124E3531A00938EAB /* SceneDelegate.swift in Sources */,
				768EF51324E3531A00938EAB /* ContentView.swift in Sources */,
			);
			runOnlyForDeploymentPostprocessing = 0;
		};
/* End PBXSourcesBuildPhase section */

/* Begin PBXVariantGroup section */
		768EF51924E3531B00938EAB /* LaunchScreen.storyboard */ = {
			isa = PBXVariantGroup;
			children = (
				768EF51A24E3531B00938EAB /* Base */,
			);
			name = LaunchScreen.storyboard;
			sourceTree = "<group>";
		};
/* End PBXVariantGroup section */

/* Begin XCBuildConfiguration section */
		768EF51D24E3531B00938EAB /* Debug */ = {
			isa = XCBuildConfiguration;
			buildSettings = {
				ALWAYS_SEARCH_USER_PATHS = NO;
				CLANG_ANALYZER_NONNULL = YES;
				CLANG_ANALYZER_NUMBER_OBJECT_CONVERSION = YES_AGGRESSIVE;
				CLANG_CXX_LANGUAGE_STANDARD = "gnu++14";
				CLANG_CXX_LIBRARY = "libc++";
				CLANG_ENABLE_MODULES = YES;
				CLANG_ENABLE_OBJC_ARC = YES;
				CLANG_ENABLE_OBJC_WEAK = YES;
				CLANG_WARN_BLOCK_CAPTURE_AUTORELEASING = YES;
				CLANG_WARN_BOOL_CONVERSION = YES;
				CLANG_WARN_COMMA = YES;
				CLANG_WARN_CONSTANT_CONVERSION = YES;
				CLANG_WARN_DEPRECATED_OBJC_IMPLEMENTATIONS = YES;
				CLANG_WARN_DIRECT_OBJC_ISA_USAGE = YES_ERROR;
				CLANG_WARN_DOCUMENTATION_COMMENTS = YES;
				CLANG_WARN_EMPTY_BODY = YES;
				CLANG_WARN_ENUM_CONVERSION = YES;
				CLANG_WARN_INFINITE_RECURSION = YES;
				CLANG_WARN_INT_CONVERSION = YES;
				CLANG_WARN_NON_LITERAL_NULL_CONVERSION = YES;
				CLANG_WARN_OBJC_IMPLICIT_RETAIN_SELF = YES;
				CLANG_WARN_OBJC_LITERAL_CONVERSION = YES;
				CLANG_WARN_OBJC_ROOT_CLASS = YES_ERROR;
				CLANG_WARN_RANGE_LOOP_ANALYSIS = YES;
				CLANG_WARN_STRICT_PROTOTYPES = YES;
				CLANG_WARN_SUSPICIOUS_MOVE = YES;
				CLANG_WARN_UNGUARDED_AVAILABILITY = YES_AGGRESSIVE;
				CLANG_WARN_UNREACHABLE_CODE = YES;
				CLANG_WARN__DUPLICATE_METHOD_MATCH = YES;
				COPY_PHASE_STRIP = NO;
				DEBUG_INFORMATION_FORMAT = dwarf;
				ENABLE_STRICT_OBJC_MSGSEND = YES;
				ENABLE_TESTABILITY = YES;
				GCC_C_LANGUAGE_STANDARD = gnu11;
				GCC_DYNAMIC_NO_PIC = NO;
				GCC_NO_COMMON_BLOCKS = YES;
				GCC_OPTIMIZATION_LEVEL = 0;
				GCC_PREPROCESSOR_DEFINITIONS = (
					"DEBUG=1",
					"$(inherited)",
				);
				GCC_WARN_64_TO_32_BIT_CONVERSION = YES;
				GCC_WARN_ABOUT_RETURN_TYPE = YES_ERROR;
				GCC_WARN_UNDECLARED_SELECTOR = YES;
				GCC_WARN_UNINITIALIZED_AUTOS = YES_AGGRESSIVE;
				GCC_WARN_UNUSED_FUNCTION = YES;
				GCC_WARN_UNUSED_VARIABLE = YES;
				IPHONEOS_DEPLOYMENT_TARGET = 13.6;
				MTL_ENABLE_DEBUG_INFO = INCLUDE_SOURCE;
				MTL_FAST_MATH = YES;
				ONLY_ACTIVE_ARCH = YES;
				SDKROOT = iphoneos;
				SWIFT_ACTIVE_COMPILATION_CONDITIONS = DEBUG;
				SWIFT_OPTIMIZATION_LEVEL = "-Onone";
			};
			name = Debug;
		};
		768EF51E24E3531B00938EAB /* Release */ = {
			isa = XCBuildConfiguration;
			buildSettings = {
				ALWAYS_SEARCH_USER_PATHS = NO;
				CLANG_ANALYZER_NONNULL = YES;
				CLANG_ANALYZER_NUMBER_OBJECT_CONVERSION = YES_AGGRESSIVE;
				CLANG_CXX_LANGUAGE_STANDARD = "gnu++14";
				CLANG_CXX_LIBRARY = "libc++";
				CLANG_ENABLE_MODULES = YES;
				CLANG_ENABLE_OBJC_ARC = YES;
				CLANG_ENABLE_OBJC_WEAK = YES;
				CLANG_WARN_BLOCK_CAPTURE_AUTORELEASING = YES;
				CLANG_WARN_BOOL_CONVERSION = YES;
				CLANG_WARN_COMMA = YES;
				CLANG_WARN_CONSTANT_CONVERSION = YES;
				CLANG_WARN_DEPRECATED_OBJC_IMPLEMENTATIONS = YES;
				CLANG_WARN_DIRECT_OBJC_ISA_USAGE = YES_ERROR;
				CLANG_WARN_DOCUMENTATION_COMMENTS = YES;
				CLANG_WARN_EMPTY_BODY = YES;
				CLANG_WARN_ENUM_CONVERSION = YES;
				CLANG_WARN_INFINITE_RECURSION = YES;
				CLANG_WARN_INT_CONVERSION = YES;
				CLANG_WARN_NON_LITERAL_NULL_CONVERSION = YES;
				CLANG_WARN_OBJC_IMPLICIT_RETAIN_SELF = YES;
				CLANG_WARN_OBJC_LITERAL_CONVERSION = YES;
				CLANG_WARN_OBJC_ROOT_CLASS = YES_ERROR;
				CLANG_WARN_RANGE_LOOP_ANALYSIS = YES;
				CLANG_WARN_STRICT_PROTOTYPES = YES;
				CLANG_WARN_SUSPICIOUS_MOVE = YES;
				CLANG_WARN_UNGUARDED_AVAILABILITY = YES_AGGRESSIVE;
				CLANG_WARN_UNREACHABLE_CODE = YES;
				CLANG_WARN__DUPLICATE_METHOD_MATCH = YES;
				COPY_PHASE_STRIP = NO;
				DEBUG_INFORMATION_FORMAT = "dwarf-with-dsym";
				ENABLE_NS_ASSERTIONS = NO;
				ENABLE_STRICT_OBJC_MSGSEND = YES;
				GCC_C_LANGUAGE_STANDARD = gnu11;
				GCC_NO_COMMON_BLOCKS = YES;
				GCC_WARN_64_TO_32_BIT_CONVERSION = YES;
				GCC_WARN_ABOUT_RETURN_TYPE = YES_ERROR;
				GCC_WARN_UNDECLARED_SELECTOR = YES;
				GCC_WARN_UNINITIALIZED_AUTOS = YES_AGGRESSIVE;
				GCC_WARN_UNUSED_FUNCTION = YES;
				GCC_WARN_UNUSED_VARIABLE = YES;
				IPHONEOS_DEPLOYMENT_TARGET = 13.6;
				MTL_ENABLE_DEBUG_INFO = NO;
				MTL_FAST_MATH = YES;
				SDKROOT = iphoneos;
				SWIFT_COMPILATION_MODE = wholemodule;
				SWIFT_OPTIMIZATION_LEVEL = "-O";
				VALIDATE_PRODUCT = YES;
			};
			name = Release;
		};
		768EF52024E3531B00938EAB /* Debug */ = {
			isa = XCBuildConfiguration;
			buildSettings = {
				ASSETCATALOG_COMPILER_APPICON_NAME = AppIcon;
				CODE_SIGN_STYLE = Automatic;
				DEVELOPMENT_ASSET_PATHS = "\"DemoiOS13/Preview Content\"";
				DEVELOPMENT_TEAM = VFBLFL665K;
				ENABLE_PREVIEWS = YES;
				INFOPLIST_FILE = DemoiOS13/Info.plist;
				IPHONEOS_DEPLOYMENT_TARGET = 13.4;
				LD_RUNPATH_SEARCH_PATHS = (
					"$(inherited)",
					"@executable_path/Frameworks",
				);
				PRODUCT_BUNDLE_IDENTIFIER = com.fatbobman.DemoiOS13;
				PRODUCT_NAME = "$(TARGET_NAME)";
				SWIFT_VERSION = 5.0;
				TARGETED_DEVICE_FAMILY = "1,2";
			};
			name = Debug;
		};
		768EF52124E3531B00938EAB /* Release */ = {
			isa = XCBuildConfiguration;
			buildSettings = {
				ASSETCATALOG_COMPILER_APPICON_NAME = AppIcon;
				CODE_SIGN_STYLE = Automatic;
				DEVELOPMENT_ASSET_PATHS = "\"DemoiOS13/Preview Content\"";
				DEVELOPMENT_TEAM = VFBLFL665K;
				ENABLE_PREVIEWS = YES;
				INFOPLIST_FILE = DemoiOS13/Info.plist;
				IPHONEOS_DEPLOYMENT_TARGET = 13.4;
				LD_RUNPATH_SEARCH_PATHS = (
					"$(inherited)",
					"@executable_path/Frameworks",
				);
				PRODUCT_BUNDLE_IDENTIFIER = com.fatbobman.DemoiOS13;
				PRODUCT_NAME = "$(TARGET_NAME)";
				SWIFT_VERSION = 5.0;
				TARGETED_DEVICE_FAMILY = "1,2";
			};
			name = Release;
		};
/* End XCBuildConfiguration section */

/* Begin XCConfigurationList section */
		768EF50624E3531A00938EAB /* Build configuration list for PBXProject "DemoiOS13" */ = {
			isa = XCConfigurationList;
			buildConfigurations = (
				768EF51D24E3531B00938EAB /* Debug */,
				768EF51E24E3531B00938EAB /* Release */,
			);
			defaultConfigurationIsVisible = 0;
			defaultConfigurationName = Release;
		};
		768EF51F24E3531B00938EAB /* Build configuration list for PBXNativeTarget "DemoiOS13" */ = {
			isa = XCConfigurationList;
			buildConfigurations = (
				768EF52024E3531B00938EAB /* Debug */,
				768EF52124E3531B00938EAB /* Release */,
			);
			defaultConfigurationIsVisible = 0;
			defaultConfigurationName = Release;
		};
/* End XCConfigurationList section */

/* Begin XCSwiftPackageProductDependency section */
		768EF52424E3533E00938EAB /* SwiftUIOverlayContainer */ = {
			isa = XCSwiftPackageProductDependency;
			productName = SwiftUIOverlayContainer;
		};
/* End XCSwiftPackageProductDependency section */
	};
	rootObject = 768EF50324E3531A00938EAB /* Project object */;
}
